// !$*UTF8*$!
{
	archiveVersion = 1;
	classes = {
	};
	objectVersion = 77;
	objects = {

/* Begin PBXContainerItemProxy section */
		1C19D5E22E3DCED400C25A21 /* PBXContainerItemProxy */ = {
			isa = PBXContainerItemProxy;
			containerPortal = 1C19D5CC2E3DCED000C25A21 /* Project object */;
			proxyType = 1;
			remoteGlobalIDString = 1C19D5D32E3DCED000C25A21;
			remoteInfo = GitHubPRReview;
		};
		1C19D5EC2E3DCED400C25A21 /* PBXContainerItemProxy */ = {
			isa = PBXContainerItemProxy;
			containerPortal = 1C19D5CC2E3DCED000C25A21 /* Project object */;
			proxyType = 1;
			remoteGlobalIDString = 1C19D5D32E3DCED000C25A21;
			remoteInfo = GitHubPRReview;
		};
/* End PBXContainerItemProxy section */

/* Begin PBXFileReference section */
		1C19D5D42E3DCED000C25A21 /* GitHubPRReview.app */ = {isa = PBXFileReference; explicitFileType = wrapper.application; includeInIndex = 0; path = GitHubPRReview.app; sourceTree = BUILT_PRODUCTS_DIR; };
		1C19D5E12E3DCED400C25A21 /* GitHubPRReviewTests.xctest */ = {isa = PBXFileReference; explicitFileType = wrapper.cfbundle; includeInIndex = 0; path = GitHubPRReviewTests.xctest; sourceTree = BUILT_PRODUCTS_DIR; };
		1C19D5EB2E3DCED400C25A21 /* GitHubPRReviewUITests.xctest */ = {isa = PBXFileReference; explicitFileType = wrapper.cfbundle; includeInIndex = 0; path = GitHubPRReviewUITests.xctest; sourceTree = BUILT_PRODUCTS_DIR; };
/* End PBXFileReference section */

/* Begin PBXFileSystemSynchronizedRootGroup section */
		1C19D5D62E3DCED000C25A21 /* GitHubPRReview */ = {
			isa = PBXFileSystemSynchronizedRootGroup;
			path = GitHubPRReview;
			sourceTree = "<group>";
		};
		1C19D5E42E3DCED400C25A21 /* GitHubPRReviewTests */ = {
			isa = PBXFileSystemSynchronizedRootGroup;
			path = GitHubPRReviewTests;
			sourceTree = "<group>";
		};
		1C19D5EE2E3DCED400C25A21 /* GitHubPRReviewUITests */ = {
			isa = PBXFileSystemSynchronizedRootGroup;
			path = GitHubPRReviewUITests;
			sourceTree = "<group>";
		};
/* End PBXFileSystemSynchronizedRootGroup section */

/* Begin PBXFrameworksBuildPhase section */
		1C19D5D12E3DCED000C25A21 /* Frameworks */ = {
			isa = PBXFrameworksBuildPhase;
			buildActionMask = 2147483647;
			files = (
			);
			runOnlyForDeploymentPostprocessing = 0;
		};
		1C19D5DE2E3DCED400C25A21 /* Frameworks */ = {
			isa = PBXFrameworksBuildPhase;
			buildActionMask = 2147483647;
			files = (
			);
			runOnlyForDeploymentPostprocessing = 0;
		};
		1C19D5E82E3DCED400C25A21 /* Frameworks */ = {
			isa = PBXFrameworksBuildPhase;
			buildActionMask = 2147483647;
			files = (
			);
			runOnlyForDeploymentPostprocessing = 0;
		};
/* End PBXFrameworksBuildPhase section */

/* Begin PBXGroup section */
		1C19D5CB2E3DCED000C25A21 = {
			isa = PBXGroup;
			children = (
				1C19D5D62E3DCED000C25A21 /* GitHubPRReview */,
				1C19D5E42E3DCED400C25A21 /* GitHubPRReviewTests */,
				1C19D5EE2E3DCED400C25A21 /* GitHubPRReviewUITests */,
				1C19D5D52E3DCED000C25A21 /* Products */,
			);
			sourceTree = "<group>";
		};
		1C19D5D52E3DCED000C25A21 /* Products */ = {
			isa = PBXGroup;
			children = (
				1C19D5D42E3DCED000C25A21 /* GitHubPRReview.app */,
				1C19D5E12E3DCED400C25A21 /* GitHubPRReviewTests.xctest */,
				1C19D5EB2E3DCED400C25A21 /* GitHubPRReviewUITests.xctest */,
			);
			name = Products;
			sourceTree = "<group>";
		};
/* End PBXGroup section */

/* Begin PBXNativeTarget section */
		1C19D5D32E3DCED000C25A21 /* GitHubPRReview */ = {
			isa = PBXNativeTarget;
			buildConfigurationList = 1C19D5F52E3DCED400C25A21 /* Build configuration list for PBXNativeTarget "GitHubPRReview" */;
			buildPhases = (
				1C19D5D02E3DCED000C25A21 /* Sources */,
				1C19D5D12E3DCED000C25A21 /* Frameworks */,
				1C19D5D22E3DCED000C25A21 /* Resources */,
			);
			buildRules = (
			);
			dependencies = (
			);
			fileSystemSynchronizedGroups = (
				1C19D5D62E3DCED000C25A21 /* GitHubPRReview */,
			);
			name = GitHubPRReview;
			packageProductDependencies = (
			);
			productName = GitHubPRReview;
			productReference = 1C19D5D42E3DCED000C25A21 /* GitHubPRReview.app */;
			productType = "com.apple.product-type.application";
		};
		1C19D5E02E3DCED400C25A21 /* GitHubPRReviewTests */ = {
			isa = PBXNativeTarget;
			buildConfigurationList = 1C19D5F82E3DCED400C25A21 /* Build configuration list for PBXNativeTarget "GitHubPRReviewTests" */;
			buildPhases = (
				1C19D5DD2E3DCED400C25A21 /* Sources */,
				1C19D5DE2E3DCED400C25A21 /* Frameworks */,
				1C19D5DF2E3DCED400C25A21 /* Resources */,
			);
			buildRules = (
			);
			dependencies = (
				1C19D5E32E3DCED400C25A21 /* PBXTargetDependency */,
			);
			fileSystemSynchronizedGroups = (
				1C19D5E42E3DCED400C25A21 /* GitHubPRReviewTests */,
			);
			name = GitHubPRReviewTests;
			packageProductDependencies = (
			);
			productName = GitHubPRReviewTests;
			productReference = 1C19D5E12E3DCED400C25A21 /* GitHubPRReviewTests.xctest */;
			productType = "com.apple.product-type.bundle.unit-test";
		};
		1C19D5EA2E3DCED400C25A21 /* GitHubPRReviewUITests */ = {
			isa = PBXNativeTarget;
			buildConfigurationList = 1C19D5FB2E3DCED400C25A21 /* Build configuration list for PBXNativeTarget "GitHubPRReviewUITests" */;
			buildPhases = (
				1C19D5E72E3DCED400C25A21 /* Sources */,
				1C19D5E82E3DCED400C25A21 /* Frameworks */,
				1C19D5E92E3DCED400C25A21 /* Resources */,
			);
			buildRules = (
			);
			dependencies = (
				1C19D5ED2E3DCED400C25A21 /* PBXTargetDependency */,
			);
			fileSystemSynchronizedGroups = (
				1C19D5EE2E3DCED400C25A21 /* GitHubPRReviewUITests */,
			);
			name = GitHubPRReviewUITests;
			packageProductDependencies = (
			);
			productName = GitHubPRReviewUITests;
			productReference = 1C19D5EB2E3DCED400C25A21 /* GitHubPRReviewUITests.xctest */;
			productType = "com.apple.product-type.bundle.ui-testing";
		};
/* End PBXNativeTarget section */

/* Begin PBXProject section */
		1C19D5CC2E3DCED000C25A21 /* Project object */ = {
			isa = PBXProject;
			attributes = {
				BuildIndependentTargetsInParallel = 1;
				LastSwiftUpdateCheck = 1640;
				LastUpgradeCheck = 1640;
				TargetAttributes = {
					1C19D5D32E3DCED000C25A21 = {
						CreatedOnToolsVersion = 16.4;
					};
					1C19D5E02E3DCED400C25A21 = {
						CreatedOnToolsVersion = 16.4;
						TestTargetID = 1C19D5D32E3DCED000C25A21;
					};
					1C19D5EA2E3DCED400C25A21 = {
						CreatedOnToolsVersion = 16.4;
						TestTargetID = 1C19D5D32E3DCED000C25A21;
					};
				};
			};
			buildConfigurationList = 1C19D5CF2E3DCED000C25A21 /* Build configuration list for PBXProject "GitHubPRReview" */;
			developmentRegion = en;
			hasScannedForEncodings = 0;
			knownRegions = (
				en,
				Base,
			);
			mainGroup = 1C19D5CB2E3DCED000C25A21;
			minimizedProjectReferenceProxies = 1;
			preferredProjectObjectVersion = 77;
			productRefGroup = 1C19D5D52E3DCED000C25A21 /* Products */;
			projectDirPath = "";
			projectRoot = "";
			targets = (
				1C19D5D32E3DCED000C25A21 /* GitHubPRReview */,
				1C19D5E02E3DCED400C25A21 /* GitHubPRReviewTests */,
				1C19D5EA2E3DCED400C25A21 /* GitHubPRReviewUITests */,
			);
		};
/* End PBXProject section */

/* Begin PBXResourcesBuildPhase section */
		1C19D5D22E3DCED000C25A21 /* Resources */ = {
			isa = PBXResourcesBuildPhase;
			buildActionMask = 2147483647;
			files = (
			);
			runOnlyForDeploymentPostprocessing = 0;
		};
		1C19D5DF2E3DCED400C25A21 /* Resources */ = {
			isa = PBXResourcesBuildPhase;
			buildActionMask = 2147483647;
			files = (
			);
			runOnlyForDeploymentPostprocessing = 0;
		};
		1C19D5E92E3DCED400C25A21 /* Resources */ = {
			isa = PBXResourcesBuildPhase;
			buildActionMask = 2147483647;
			files = (
			);
			runOnlyForDeploymentPostprocessing = 0;
		};
/* End PBXResourcesBuildPhase section */

/* Begin PBXSourcesBuildPhase section */
		1C19D5D02E3DCED000C25A21 /* Sources */ = {
			isa = PBXSourcesBuildPhase;
			buildActionMask = 2147483647;
			files = (
			);
			runOnlyForDeploymentPostprocessing = 0;
		};
		1C19D5DD2E3DCED400C25A21 /* Sources */ = {
			isa = PBXSourcesBuildPhase;
			buildActionMask = 2147483647;
			files = (
			);
			runOnlyForDeploymentPostprocessing = 0;
		};
		1C19D5E72E3DCED400C25A21 /* Sources */ = {
			isa = PBXSourcesBuildPhase;
			buildActionMask = 2147483647;
			files = (
			);
			runOnlyForDeploymentPostprocessing = 0;
		};
/* End PBXSourcesBuildPhase section */

/* Begin PBXTargetDependency section */
		1C19D5E32E3DCED400C25A21 /* PBXTargetDependency */ = {
			isa = PBXTargetDependency;
			target = 1C19D5D32E3DCED000C25A21 /* GitHubPRReview */;
			targetProxy = 1C19D5E22E3DCED400C25A21 /* PBXContainerItemProxy */;
		};
		1C19D5ED2E3DCED400C25A21 /* PBXTargetDependency */ = {
			isa = PBXTargetDependency;
			target = 1C19D5D32E3DCED000C25A21 /* GitHubPRReview */;
			targetProxy = 1C19D5EC2E3DCED400C25A21 /* PBXContainerItemProxy */;
		};
/* End PBXTargetDependency section */

/* Begin XCBuildConfiguration section */
		1C19D5F32E3DCED400C25A21 /* Debug */ = {
			isa = XCBuildConfiguration;
			buildSettings = {
				ALWAYS_SEARCH_USER_PATHS = NO;
				ASSETCATALOG_COMPILER_GENERATE_SWIFT_ASSET_SYMBOL_EXTENSIONS = YES;
				CLANG_ANALYZER_NONNULL = YES;
				CLANG_ANALYZER_NUMBER_OBJECT_CONVERSION = YES_AGGRESSIVE;
				CLANG_CXX_LANGUAGE_STANDARD = "gnu++20";
				CLANG_ENABLE_MODULES = YES;
				CLANG_ENABLE_OBJC_ARC = YES;
				CLANG_ENABLE_OBJC_WEAK = YES;
				CLANG_WARN_BLOCK_CAPTURE_AUTORELEASING = YES;
				CLANG_WARN_BOOL_CONVERSION = YES;
				CLANG_WARN_COMMA = YES;
				CLANG_WARN_CONSTANT_CONVERSION = YES;
				CLANG_WARN_DEPRECATED_OBJC_IMPLEMENTATIONS = YES;
				CLANG_WARN_DIRECT_OBJC_ISA_USAGE = YES_ERROR;
				CLANG_WARN_DOCUMENTATION_COMMENTS = YES;
				CLANG_WARN_EMPTY_BODY = YES;
				CLANG_WARN_ENUM_CONVERSION = YES;
				CLANG_WARN_INFINITE_RECURSION = YES;
				CLANG_WARN_INT_CONVERSION = YES;
				CLANG_WARN_NON_LITERAL_NULL_CONVERSION = YES;
				CLANG_WARN_OBJC_IMPLICIT_RETAIN_SELF = YES;
				CLANG_WARN_OBJC_LITERAL_CONVERSION = YES;
				CLANG_WARN_OBJC_ROOT_CLASS = YES_ERROR;
				CLANG_WARN_QUOTED_INCLUDE_IN_FRAMEWORK_HEADER = YES;
				CLANG_WARN_RANGE_LOOP_ANALYSIS = YES;
				CLANG_WARN_STRICT_PROTOTYPES = YES;
				CLANG_WARN_SUSPICIOUS_MOVE = YES;
				CLANG_WARN_UNGUARDED_AVAILABILITY = YES_AGGRESSIVE;
				CLANG_WARN_UNREACHABLE_CODE = YES;
				CLANG_WARN__DUPLICATE_METHOD_MATCH = YES;
				COPY_PHASE_STRIP = NO;
				DEBUG_INFORMATION_FORMAT = dwarf;
				DEVELOPMENT_TEAM = BVGH73GT2L;
				ENABLE_STRICT_OBJC_MSGSEND = YES;
				ENABLE_TESTABILITY = YES;
				ENABLE_USER_SCRIPT_SANDBOXING = YES;
				GCC_C_LANGUAGE_STANDARD = gnu17;
				GCC_DYNAMIC_NO_PIC = NO;
				GCC_NO_COMMON_BLOCKS = YES;
				GCC_OPTIMIZATION_LEVEL = 0;
				GCC_PREPROCESSOR_DEFINITIONS = (
					"DEBUG=1",
					"$(inherited)",
				);
				GCC_WARN_64_TO_32_BIT_CONVERSION = YES;
				GCC_WARN_ABOUT_RETURN_TYPE = YES_ERROR;
				GCC_WARN_UNDECLARED_SELECTOR = YES;
				GCC_WARN_UNINITIALIZED_AUTOS = YES_AGGRESSIVE;
				GCC_WARN_UNUSED_FUNCTION = YES;
				GCC_WARN_UNUSED_VARIABLE = YES;
				IPHONEOS_DEPLOYMENT_TARGET = 18.5;
				LOCALIZATION_PREFERS_STRING_CATALOGS = YES;
				MTL_ENABLE_DEBUG_INFO = INCLUDE_SOURCE;
				MTL_FAST_MATH = YES;
				ONLY_ACTIVE_ARCH = YES;
				SDKROOT = iphoneos;
				SWIFT_ACTIVE_COMPILATION_CONDITIONS = "DEBUG $(inherited)";
				SWIFT_OPTIMIZATION_LEVEL = "-Onone";
			};
			name = Debug;
		};
		1C19D5F42E3DCED400C25A21 /* Release */ = {
			isa = XCBuildConfiguration;
			buildSettings = {
				ALWAYS_SEARCH_USER_PATHS = NO;
				ASSETCATALOG_COMPILER_GENERATE_SWIFT_ASSET_SYMBOL_EXTENSIONS = YES;
				CLANG_ANALYZER_NONNULL = YES;
				CLANG_ANALYZER_NUMBER_OBJECT_CONVERSION = YES_AGGRESSIVE;
				CLANG_CXX_LANGUAGE_STANDARD = "gnu++20";
				CLANG_ENABLE_MODULES = YES;
				CLANG_ENABLE_OBJC_ARC = YES;
				CLANG_ENABLE_OBJC_WEAK = YES;
				CLANG_WARN_BLOCK_CAPTURE_AUTORELEASING = YES;
				CLANG_WARN_BOOL_CONVERSION = YES;
				CLANG_WARN_COMMA = YES;
				CLANG_WARN_CONSTANT_CONVERSION = YES;
				CLANG_WARN_DEPRECATED_OBJC_IMPLEMENTATIONS = YES;
				CLANG_WARN_DIRECT_OBJC_ISA_USAGE = YES_ERROR;
				CLANG_WARN_DOCUMENTATION_COMMENTS = YES;
				CLANG_WARN_EMPTY_BODY = YES;
				CLANG_WARN_ENUM_CONVERSION = YES;
				CLANG_WARN_INFINITE_RECURSION = YES;
				CLANG_WARN_INT_CONVERSION = YES;
				CLANG_WARN_NON_LITERAL_NULL_CONVERSION = YES;
				CLANG_WARN_OBJC_IMPLICIT_RETAIN_SELF = YES;
				CLANG_WARN_OBJC_LITERAL_CONVERSION = YES;
				CLANG_WARN_OBJC_ROOT_CLASS = YES_ERROR;
				CLANG_WARN_QUOTED_INCLUDE_IN_FRAMEWORK_HEADER = YES;
				CLANG_WARN_RANGE_LOOP_ANALYSIS = YES;
				CLANG_WARN_STRICT_PROTOTYPES = YES;
				CLANG_WARN_SUSPICIOUS_MOVE = YES;
				CLANG_WARN_UNGUARDED_AVAILABILITY = YES_AGGRESSIVE;
				CLANG_WARN_UNREACHABLE_CODE = YES;
				CLANG_WARN__DUPLICATE_METHOD_MATCH = YES;
				COPY_PHASE_STRIP = NO;
				DEBUG_INFORMATION_FORMAT = "dwarf-with-dsym";
				DEVELOPMENT_TEAM = BVGH73GT2L;
				ENABLE_NS_ASSERTIONS = NO;
				ENABLE_STRICT_OBJC_MSGSEND = YES;
				ENABLE_USER_SCRIPT_SANDBOXING = YES;
				GCC_C_LANGUAGE_STANDARD = gnu17;
				GCC_NO_COMMON_BLOCKS = YES;
				GCC_WARN_64_TO_32_BIT_CONVERSION = YES;
				GCC_WARN_ABOUT_RETURN_TYPE = YES_ERROR;
				GCC_WARN_UNDECLARED_SELECTOR = YES;
				GCC_WARN_UNINITIALIZED_AUTOS = YES_AGGRESSIVE;
				GCC_WARN_UNUSED_FUNCTION = YES;
				GCC_WARN_UNUSED_VARIABLE = YES;
				IPHONEOS_DEPLOYMENT_TARGET = 18.5;
				LOCALIZATION_PREFERS_STRING_CATALOGS = YES;
				MTL_ENABLE_DEBUG_INFO = NO;
				MTL_FAST_MATH = YES;
				SDKROOT = iphoneos;
				SWIFT_COMPILATION_MODE = wholemodule;
				VALIDATE_PRODUCT = YES;
			};
			name = Release;
		};
		1C19D5F62E3DCED400C25A21 /* Debug */ = {
			isa = XCBuildConfiguration;
			buildSettings = {
				ASSETCATALOG_COMPILER_APPICON_NAME = AppIcon;
				ASSETCATALOG_COMPILER_GLOBAL_ACCENT_COLOR_NAME = AccentColor;
				CODE_SIGN_STYLE = Automatic;
				CURRENT_PROJECT_VERSION = 1;
				DEVELOPMENT_TEAM = BVGH73GT2L;
				ENABLE_PREVIEWS = YES;
				GENERATE_INFOPLIST_FILE = YES;
				INFOPLIST_KEY_UIApplicationSceneManifest_Generation = YES;
				INFOPLIST_KEY_UIApplicationSupportsIndirectInputEvents = YES;
				INFOPLIST_KEY_UILaunchScreen_Generation = YES;
				INFOPLIST_KEY_UISupportedInterfaceOrientations_iPad = "UIInterfaceOrientationPortrait UIInterfaceOrientationPortraitUpsideDown UIInterfaceOrientationLandscapeLeft UIInterfaceOrientationLandscapeRight";
				INFOPLIST_KEY_UISupportedInterfaceOrientations_iPhone = "UIInterfaceOrientationPortrait UIInterfaceOrientationLandscapeLeft UIInterfaceOrientationLandscapeRight";
				LD_RUNPATH_SEARCH_PATHS = (
					"$(inherited)",
					"@executable_path/Frameworks",
				);
				MARKETING_VERSION = 1.0;
				PRODUCT_BUNDLE_IDENTIFIER = DHEERAJ.GitHubPRReview;
				PRODUCT_NAME = "$(TARGET_NAME)";
				SWIFT_EMIT_LOC_STRINGS = YES;
				SWIFT_VERSION = 5.0;
				TARGETED_DEVICE_FAMILY = "1,2";
			};
			name = Debug;
		};
		1C19D5F72E3DCED400C25A21 /* Release */ = {
			isa = XCBuildConfiguration;
			buildSettings = {
				ASSETCATALOG_COMPILER_APPICON_NAME = AppIcon;
				ASSETCATALOG_COMPILER_GLOBAL_ACCENT_COLOR_NAME = AccentColor;
				CODE_SIGN_STYLE = Automatic;
				CURRENT_PROJECT_VERSION = 1;
				DEVELOPMENT_TEAM = BVGH73GT2L;
				ENABLE_PREVIEWS = YES;
				GENERATE_INFOPLIST_FILE = YES;
				INFOPLIST_KEY_UIApplicationSceneManifest_Generation = YES;
				INFOPLIST_KEY_UIApplicationSupportsIndirectInputEvents = YES;
				INFOPLIST_KEY_UILaunchScreen_Generation = YES;
				INFOPLIST_KEY_UISupportedInterfaceOrientations_iPad = "UIInterfaceOrientationPortrait UIInterfaceOrientationPortraitUpsideDown UIInterfaceOrientationLandscapeLeft UIInterfaceOrientationLandscapeRight";
				INFOPLIST_KEY_UISupportedInterfaceOrientations_iPhone = "UIInterfaceOrientationPortrait UIInterfaceOrientationLandscapeLeft UIInterfaceOrientationLandscapeRight";
				LD_RUNPATH_SEARCH_PATHS = (
					"$(inherited)",
					"@executable_path/Frameworks",
				);
				MARKETING_VERSION = 1.0;
				PRODUCT_BUNDLE_IDENTIFIER = DHEERAJ.GitHubPRReview;
				PRODUCT_NAME = "$(TARGET_NAME)";
				SWIFT_EMIT_LOC_STRINGS = YES;
				SWIFT_VERSION = 5.0;
				TARGETED_DEVICE_FAMILY = "1,2";
			};
			name = Release;
		};
		1C19D5F92E3DCED400C25A21 /* Debug */ = {
			isa = XCBuildConfiguration;
			buildSettings = {
				BUNDLE_LOADER = "$(TEST_HOST)";
				CODE_SIGN_STYLE = Automatic;
				CURRENT_PROJECT_VERSION = 1;
				DEVELOPMENT_TEAM = BVGH73GT2L;
				GENERATE_INFOPLIST_FILE = YES;
				IPHONEOS_DEPLOYMENT_TARGET = 18.5;
				MARKETING_VERSION = 1.0;
				PRODUCT_BUNDLE_IDENTIFIER = DHEERAJ.GitHubPRReviewTests;
				PRODUCT_NAME = "$(TARGET_NAME)";
				SWIFT_EMIT_LOC_STRINGS = NO;
				SWIFT_VERSION = 5.0;
				TARGETED_DEVICE_FAMILY = "1,2";
				TEST_HOST = "$(BUILT_PRODUCTS_DIR)/GitHubPRReview.app/$(BUNDLE_EXECUTABLE_FOLDER_PATH)/GitHubPRReview";
			};
			name = Debug;
		};
		1C19D5FA2E3DCED400C25A21 /* Release */ = {
			isa = XCBuildConfiguration;
			buildSettings = {
				BUNDLE_LOADER = "$(TEST_HOST)";
				CODE_SIGN_STYLE = Automatic;
				CURRENT_PROJECT_VERSION = 1;
				DEVELOPMENT_TEAM = BVGH73GT2L;
				GENERATE_INFOPLIST_FILE = YES;
				IPHONEOS_DEPLOYMENT_TARGET = 18.5;
				MARKETING_VERSION = 1.0;
				PRODUCT_BUNDLE_IDENTIFIER = DHEERAJ.GitHubPRReviewTests;
				PRODUCT_NAME = "$(TARGET_NAME)";
				SWIFT_EMIT_LOC_STRINGS = NO;
				SWIFT_VERSION = 5.0;
				TARGETED_DEVICE_FAMILY = "1,2";
				TEST_HOST = "$(BUILT_PRODUCTS_DIR)/GitHubPRReview.app/$(BUNDLE_EXECUTABLE_FOLDER_PATH)/GitHubPRReview";
			};
			name = Release;
		};
		1C19D5FC2E3DCED400C25A21 /* Debug */ = {
			isa = XCBuildConfiguration;
			buildSettings = {
				CODE_SIGN_STYLE = Automatic;
				CURRENT_PROJECT_VERSION = 1;
				DEVELOPMENT_TEAM = BVGH73GT2L;
				GENERATE_INFOPLIST_FILE = YES;
				MARKETING_VERSION = 1.0;
				PRODUCT_BUNDLE_IDENTIFIER = DHEERAJ.GitHubPRReviewUITests;
				PRODUCT_NAME = "$(TARGET_NAME)";
				SWIFT_EMIT_LOC_STRINGS = NO;
				SWIFT_VERSION = 5.0;
				TARGETED_DEVICE_FAMILY = "1,2";
				TEST_TARGET_NAME = GitHubPRReview;
			};
			name = Debug;
		};
		1C19D5FD2E3DCED400C25A21 /* Release */ = {
			isa = XCBuildConfiguration;
			buildSettings = {
				CODE_SIGN_STYLE = Automatic;
				CURRENT_PROJECT_VERSION = 1;
				DEVELOPMENT_TEAM = BVGH73GT2L;
				GENERATE_INFOPLIST_FILE = YES;
				MARKETING_VERSION = 1.0;
				PRODUCT_BUNDLE_IDENTIFIER = DHEERAJ.GitHubPRReviewUITests;
				PRODUCT_NAME = "$(TARGET_NAME)";
				SWIFT_EMIT_LOC_STRINGS = NO;
				SWIFT_VERSION = 5.0;
				TARGETED_DEVICE_FAMILY = "1,2";
				TEST_TARGET_NAME = GitHubPRReview;
			};
			name = Release;
		};
/* End XCBuildConfiguration section */

/* Begin XCConfigurationList section */
		1C19D5CF2E3DCED000C25A21 /* Build configuration list for PBXProject "GitHubPRReview" */ = {
			isa = XCConfigurationList;
			buildConfigurations = (
				1C19D5F32E3DCED400C25A21 /* Debug */,
				1C19D5F42E3DCED400C25A21 /* Release */,
			);
			defaultConfigurationIsVisible = 0;
			defaultConfigurationName = Release;
		};
		1C19D5F52E3DCED400C25A21 /* Build configuration list for PBXNativeTarget "GitHubPRReview" */ = {
			isa = XCConfigurationList;
			buildConfigurations = (
				1C19D5F62E3DCED400C25A21 /* Debug */,
				1C19D5F72E3DCED400C25A21 /* Release */,
			);
			defaultConfigurationIsVisible = 0;
			defaultConfigurationName = Release;
		};
		1C19D5F82E3DCED400C25A21 /* Build configuration list for PBXNativeTarget "GitHubPRReviewTests" */ = {
			isa = XCConfigurationList;
			buildConfigurations = (
				1C19D5F92E3DCED400C25A21 /* Debug */,
				1C19D5FA2E3DCED400C25A21 /* Release */,
			);
			defaultConfigurationIsVisible = 0;
			defaultConfigurationName = Release;
		};
		1C19D5FB2E3DCED400C25A21 /* Build configuration list for PBXNativeTarget "GitHubPRReviewUITests" */ = {
			isa = XCConfigurationList;
			buildConfigurations = (
				1C19D5FC2E3DCED400C25A21 /* Debug */,
				1C19D5FD2E3DCED400C25A21 /* Release */,
			);
			defaultConfigurationIsVisible = 0;
			defaultConfigurationName = Release;
		};
/* End XCConfigurationList section */
	};
	rootObject = 1C19D5CC2E3DCED000C25A21 /* Project object */;
}
